
Microsoft Visual Studio Solution File, Format Version 12.00
# Visual Studio Version 16
VisualStudioVersion = 16.0.32428.217
MinimumVisualStudioVersion = 10.0.40219.1
Project("{9A19103F-16F7-4668-BE54-9A1E7A4F7556}") = "RoomBookingApp.Core.Tests", "RoomBookingApp.Core.Tests\RoomBookingApp.Core.Tests.csproj", "{1A7E4D16-23CF-4A11-BF42-430ED0C9C4E0}"
EndProject
Project("{FAE04EC0-301F-11D3-BF4B-00C04F79EFBC}") = "RoomBookingApp.Core", "RoomBookingApp.Core\RoomBookingApp.Core.csproj", "{CDC4CE7C-E001-4301-94B3-EDA825463E68}"
EndProject
Global
	GlobalSection(SolutionConfigurationPlatforms) = preSolution
		Debug|Any CPU = Debug|Any CPU
		Release|Any CPU = Release|Any CPU
	EndGlobalSection
	GlobalSection(ProjectConfigurationPlatforms) = postSolution
		{1A7E4D16-23CF-4A11-BF42-430ED0C9C4E0}.Debug|Any CPU.ActiveCfg = Debug|Any CPU
		{1A7E4D16-23CF-4A11-BF42-430ED0C9C4E0}.Debug|Any CPU.Build.0 = Debug|Any CPU
		{1A7E4D16-23CF-4A11-BF42-430ED0C9C4E0}.Release|Any CPU.ActiveCfg = Release|Any CPU
		{1A7E4D16-23CF-4A11-BF42-430ED0C9C4E0}.Release|Any CPU.Build.0 = Release|Any CPU
		{CDC4CE7C-E001-4301-94B3-EDA825463E68}.Debug|Any CPU.ActiveCfg = Debug|Any CPU
		{CDC4CE7C-E001-4301-94B3-EDA825463E68}.Debug|Any CPU.Build.0 = Debug|Any CPU
		{CDC4CE7C-E001-4301-94B3-EDA825463E68}.Release|Any CPU.ActiveCfg = Release|Any CPU
		{CDC4CE7C-E001-4301-94B3-EDA825463E68}.Release|Any CPU.Build.0 = Release|Any CPU
	EndGlobalSection
	GlobalSection(SolutionProperties) = preSolution
		HideSolutionNode = FALSE
	EndGlobalSection
	GlobalSection(ExtensibilityGlobals) = postSolution
		SolutionGuid = {901F1E89-2675-422B-B419-78393E616AA9}
	EndGlobalSection
EndGlobal
